
Microsoft Visual Studio Solution File, Format Version 12.00
# Visual Studio 15
VisualStudioVersion = 15.0.27130.2027
MinimumVisualStudioVersion = 10.0.40219.1
Project("{FAE04EC0-301F-11D3-BF4B-00C04F79EFBC}") = "Domain", "Domain\Domain.csproj", "{7711783C-A47A-4DEF-B9C7-2E80A11AC3CA}"
EndProject
Project("{FAE04EC0-301F-11D3-BF4B-00C04F79EFBC}") = "UnitTest", "UnitTest\UnitTest.csproj", "{86672080-CD53-4035-A412-62A1B395EBC4}"
EndProject
Project("{2150E333-8FDC-42A3-9474-1A3956D46DE8}") = "Solution Items", "Solution Items", "{A2FE640A-9165-4423-B5F8-77A29514D1F2}"
	ProjectSection(SolutionItems) = preProject
		Text.txt = Text.txt
	EndProjectSection
EndProject
Global
	GlobalSection(SolutionConfigurationPlatforms) = preSolution
		Debug|Any CPU = Debug|Any CPU
		Release|Any CPU = Release|Any CPU
	EndGlobalSection
	GlobalSection(ProjectConfigurationPlatforms) = postSolution
		{7711783C-A47A-4DEF-B9C7-2E80A11AC3CA}.Debug|Any CPU.ActiveCfg = Debug|Any CPU
		{7711783C-A47A-4DEF-B9C7-2E80A11AC3CA}.Debug|Any CPU.Build.0 = Debug|Any CPU
		{7711783C-A47A-4DEF-B9C7-2E80A11AC3CA}.Release|Any CPU.ActiveCfg = Release|Any CPU
		{7711783C-A47A-4DEF-B9C7-2E80A11AC3CA}.Release|Any CPU.Build.0 = Release|Any CPU
		{86672080-CD53-4035-A412-62A1B395EBC4}.Debug|Any CPU.ActiveCfg = Debug|Any CPU
		{86672080-CD53-4035-A412-62A1B395EBC4}.Debug|Any CPU.Build.0 = Debug|Any CPU
		{86672080-CD53-4035-A412-62A1B395EBC4}.Release|Any CPU.ActiveCfg = Release|Any CPU
		{86672080-CD53-4035-A412-62A1B395EBC4}.Release|Any CPU.Build.0 = Release|Any CPU
	EndGlobalSection
	GlobalSection(SolutionProperties) = preSolution
		HideSolutionNode = FALSE
	EndGlobalSection
	GlobalSection(ExtensibilityGlobals) = postSolution
		SolutionGuid = {623F6851-BBD1-4C62-B28E-45A334440860}
	EndGlobalSection
EndGlobal
